# This file is automatically @generated by Cargo.
# It is not intended for manual editing.
version = 4

[[package]]
name = "envoy"
version = "0.1.0"
dependencies = [
 "envoy-nepal-compact",
 "envoy-program",
]

[[package]]
name = "envoy-nepal-compact"
version = "0.1.0"

[[package]]
name = "envoy-program"
version = "0.1.0"
